<?xml version="1.0" encoding="utf-8"?>
<Project ToolsVersion="4.0" xmlns="http://schemas.microsoft.com/developer/msbuild/2003">
  <ItemGroup>
    <ClCompile Include="LZEngine.cpp" />
    <ClCompile Include="Math\Vector2D.cpp">
      <Filter>Math\Vector</Filter>
    </ClCompile>
    <ClCompile Include="Profiling\Profiler.cpp">
      <Filter>Profiling</Filter>
    </ClCompile>
    <ClCompile Include="DataStructures\Node.cpp">
      <Filter>DataStructures</Filter>
    </ClCompile>
    <ClCompile Include="Timing\SplitTimer.cpp">
      <Filter>Timing</Filter>
    </ClCompile>
    <ClCompile Include="Timing\FrameTimer.cpp">
      <Filter>Timing</Filter>
    </ClCompile>
    <ClCompile Include="Profiling\Profile.cpp">
      <Filter>Profiling</Filter>
    </ClCompile>
    <ClCompile Include="Math\ProMath.cpp">
      <Filter>Math</Filter>
    </ClCompile>
    <ClCompile Include="Rendering\Geometry.cpp">
      <Filter>Rendering</Filter>
    </ClCompile>
    <ClCompile Include="Rendering\Renderable.cpp">
      <Filter>Rendering</Filter>
    </ClCompile>
    <ClCompile Include="Rendering\Renderer.cpp">
      <Filter>Rendering</Filter>
    </ClCompile>
    <ClCompile Include="ComponentSystem\Component.cpp">
      <Filter>ComponentSystem</Filter>
    </ClCompile>
    <ClCompile Include="ComponentSystem\GameObject.cpp">
      <Filter>ComponentSystem</Filter>
    </ClCompile>
    <ClCompile Include="ComponentSystem\Components\RendererComponent.cpp">
      <Filter>ComponentSystem\Components</Filter>
    </ClCompile>
    <ClCompile Include="ComponentSystem\Components\PhysicsComponent.cpp">
      <Filter>ComponentSystem\Components</Filter>
    </ClCompile>
    <ClCompile Include="Input\KeyInput.cpp">
      <Filter>Input</Filter>
    </ClCompile>
    <ClCompile Include="Math\Vector3D.cpp">
      <Filter>Math\Vector</Filter>
    </ClCompile>
    <ClCompile Include="Timing\GameTime.cpp">
      <Filter>Timing</Filter>
    </ClCompile>
    <ClCompile Include="ComponentSystem\Components\ColiderComponent.cpp">
      <Filter>ComponentSystem\Components</Filter>
    </ClCompile>
  </ItemGroup>
  <ItemGroup>
    <Filter Include="Math">
      <UniqueIdentifier>{8d48f34a-0f61-4691-99b8-e0aa33f94e24}</UniqueIdentifier>
    </Filter>
    <Filter Include="Profiling">
      <UniqueIdentifier>{d0c20e00-9f98-4cd1-a428-f82bfaf54f3e}</UniqueIdentifier>
    </Filter>
    <Filter Include="Math\Vector">
      <UniqueIdentifier>{a4aa4abc-bd24-442f-8d35-3256a5d7d06e}</UniqueIdentifier>
    </Filter>
    <Filter Include="Math\Matrix">
      <UniqueIdentifier>{7b6e4705-2ef2-476a-a3da-f7facb6760d8}</UniqueIdentifier>
    </Filter>
    <Filter Include="DataStructures">
      <UniqueIdentifier>{9a199f2b-248a-40da-9e4b-85d8aa183ab6}</UniqueIdentifier>
    </Filter>
    <Filter Include="Timing">
      <UniqueIdentifier>{602a4564-db9f-477f-af50-a8bc96f0a490}</UniqueIdentifier>
    </Filter>
    <Filter Include="Rendering">
      <UniqueIdentifier>{343f4881-4665-4f25-b9b9-9f9a1c649052}</UniqueIdentifier>
    </Filter>
    <Filter Include="ComponentSystem">
      <UniqueIdentifier>{a3519903-47da-4820-ad21-3bc503630464}</UniqueIdentifier>
    </Filter>
    <Filter Include="ComponentSystem\Components">
      <UniqueIdentifier>{94ba7fd1-68eb-4fe9-9ba3-6ded4ec5fac9}</UniqueIdentifier>
    </Filter>
    <Filter Include="Input">
      <UniqueIdentifier>{571d1ff6-b70c-4c79-9245-3e4baae5ba54}</UniqueIdentifier>
    </Filter>
  </ItemGroup>
  <ItemGroup>
    <ClInclude Include="Math\Matrix2D.h">
      <Filter>Math\Matrix</Filter>
    </ClInclude>
    <ClInclude Include="Math\Matrix2DH.h">
      <Filter>Math\Matrix</Filter>
    </ClInclude>
    <ClInclude Include="Math\Matrix3D.h">
      <Filter>Math\Matrix</Filter>
    </ClInclude>
    <ClInclude Include="Math\Vector2D.h">
      <Filter>Math\Vector</Filter>
    </ClInclude>
    <ClInclude Include="Math\Vector3D.h">
      <Filter>Math\Vector</Filter>
    </ClInclude>
    <ClInclude Include="Profiling\Profiler.h">
      <Filter>Profiling</Filter>
    </ClInclude>
    <ClInclude Include="DataStructures\LZLinkedList.h">
      <Filter>DataStructures</Filter>
    </ClInclude>
    <ClInclude Include="DataStructures\Node.h">
      <Filter>DataStructures</Filter>
    </ClInclude>
    <ClInclude Include="Timing\Timing.h">
      <Filter>Timing</Filter>
    </ClInclude>
    <ClInclude Include="Timing\SplitTimer.h">
      <Filter>Timing</Filter>
    </ClInclude>
    <ClInclude Include="Timing\FrameTimer.h">
      <Filter>Timing</Filter>
    </ClInclude>
    <ClInclude Include="Profiling\Profile.h">
      <Filter>Profiling</Filter>
    </ClInclude>
    <ClInclude Include="Math\Constants.h">
      <Filter>Math</Filter>
    </ClInclude>
    <ClInclude Include="Math\ProMath.h">
      <Filter>Math</Filter>
    </ClInclude>
    <ClInclude Include="Rendering\Renderable.h">
      <Filter>Rendering</Filter>
    </ClInclude>
    <ClInclude Include="Rendering\Renderer.h">
      <Filter>Rendering</Filter>
    </ClInclude>
    <ClInclude Include="Rendering\Geometry.h">
      <Filter>Rendering</Filter>
    </ClInclude>
    <ClInclude Include="ComponentSystem\Component.h">
      <Filter>ComponentSystem</Filter>
    </ClInclude>
    <ClInclude Include="ComponentSystem\GameObject.h">
      <Filter>ComponentSystem</Filter>
    </ClInclude>
    <ClInclude Include="ComponentSystem\Components\RendererComponent.h">
      <Filter>ComponentSystem\Components</Filter>
    </ClInclude>
    <ClInclude Include="ComponentSystem\Components\PhysicsComponent.h">
      <Filter>ComponentSystem\Components</Filter>
    </ClInclude>
    <ClInclude Include="Input\IKeyMapper.h">
      <Filter>Input</Filter>
    </ClInclude>
    <ClInclude Include="Input\KeyInput.h">
      <Filter>Input</Filter>
    </ClInclude>
    <ClInclude Include="Timing\GameTime.h">
      <Filter>Timing</Filter>
    </ClInclude>
    <ClInclude Include="ComponentSystem\Components\ColiderComponent.h">
      <Filter>ComponentSystem\Components</Filter>
    </ClInclude>
  </ItemGroup>
  <ItemGroup>
    <None Include="Math\Matrix2D.inl">
      <Filter>Math\Matrix</Filter>
    </None>
    <None Include="Math\Matrix2DH.inl">
      <Filter>Math\Matrix</Filter>
    </None>
    <None Include="Math\Matrix3D.inl">
      <Filter>Math\Matrix</Filter>
    </None>
    <None Include="Math\Vector2D.inl">
      <Filter>Math\Vector</Filter>
    </None>
    <None Include="Math\Vector3D.inl">
      <Filter>Math\Vector</Filter>
    </None>
    <None Include="DataStructures\LZLinkedList.inl">
      <Filter>DataStructures</Filter>
    </None>
  </ItemGroup>
</Project>